
Microsoft Visual Studio Solution File, Format Version 12.00
# Visual Studio Version 17
VisualStudioVersion = 17.11.35327.3
MinimumVisualStudioVersion = 10.0.40219.1
Project("{9A19103F-16F7-4668-BE54-9A1E7A4F7556}") = "Catalog.API", "Services\Catalog\Catalog.API\Catalog.API.csproj", "{AA41C971-48F6-4B50-B5C5-7AB8D740DA47}"
EndProject
Project("{2150E333-8FDC-42A3-9474-1A3956D46DE8}") = "Services", "Services", "{7F31D3B5-2C9A-43C7-9167-8EB8961CC055}"
EndProject
Project("{2150E333-8FDC-42A3-9474-1A3956D46DE8}") = "Catalog", "Catalog", "{10EB05C7-9289-4764-8EAB-016CAB124372}"
EndProject
Project("{2150E333-8FDC-42A3-9474-1A3956D46DE8}") = "BuildingBlocks", "BuildingBlocks", "{6FD4C37F-A343-4619-8F81-B217505D43F0}"
EndProject
Project("{FAE04EC0-301F-11D3-BF4B-00C04F79EFBC}") = "BuildingBlocks", "BuildingBlocks\ClassLibrary1\BuildingBlocks.csproj", "{7428288F-7B0A-40D6-BBE3-383983DFF386}"
EndProject
Project("{E53339B2-1760-4266-BCC7-CA923CBCF16C}") = "docker-compose", "docker-compose.dcproj", "{E958522A-E2C4-48FC-A08C-55B0AF39C64A}"
EndProject
Project("{2150E333-8FDC-42A3-9474-1A3956D46DE8}") = "Basket", "Basket", "{30B75081-DBD5-4D22-890B-B55A52C63CC3}"
EndProject
Project("{FAE04EC0-301F-11D3-BF4B-00C04F79EFBC}") = "Basket.API", "Services\Basket\Basket.API\Basket.API.csproj", "{B628090F-11B6-4C55-BB16-38A232D7D66F}"
EndProject
Global
	GlobalSection(SolutionConfigurationPlatforms) = preSolution
		Debug|Any CPU = Debug|Any CPU
		Release|Any CPU = Release|Any CPU
	EndGlobalSection
	GlobalSection(ProjectConfigurationPlatforms) = postSolution
		{AA41C971-48F6-4B50-B5C5-7AB8D740DA47}.Debug|Any CPU.ActiveCfg = Debug|Any CPU
		{AA41C971-48F6-4B50-B5C5-7AB8D740DA47}.Debug|Any CPU.Build.0 = Debug|Any CPU
		{AA41C971-48F6-4B50-B5C5-7AB8D740DA47}.Release|Any CPU.ActiveCfg = Release|Any CPU
		{AA41C971-48F6-4B50-B5C5-7AB8D740DA47}.Release|Any CPU.Build.0 = Release|Any CPU
		{7428288F-7B0A-40D6-BBE3-383983DFF386}.Debug|Any CPU.ActiveCfg = Debug|Any CPU
		{7428288F-7B0A-40D6-BBE3-383983DFF386}.Debug|Any CPU.Build.0 = Debug|Any CPU
		{7428288F-7B0A-40D6-BBE3-383983DFF386}.Release|Any CPU.ActiveCfg = Release|Any CPU
		{7428288F-7B0A-40D6-BBE3-383983DFF386}.Release|Any CPU.Build.0 = Release|Any CPU
		{E958522A-E2C4-48FC-A08C-55B0AF39C64A}.Debug|Any CPU.ActiveCfg = Debug|Any CPU
		{E958522A-E2C4-48FC-A08C-55B0AF39C64A}.Debug|Any CPU.Build.0 = Debug|Any CPU
		{E958522A-E2C4-48FC-A08C-55B0AF39C64A}.Release|Any CPU.ActiveCfg = Release|Any CPU
		{E958522A-E2C4-48FC-A08C-55B0AF39C64A}.Release|Any CPU.Build.0 = Release|Any CPU
		{B628090F-11B6-4C55-BB16-38A232D7D66F}.Debug|Any CPU.ActiveCfg = Debug|Any CPU
		{B628090F-11B6-4C55-BB16-38A232D7D66F}.Debug|Any CPU.Build.0 = Debug|Any CPU
		{B628090F-11B6-4C55-BB16-38A232D7D66F}.Release|Any CPU.ActiveCfg = Release|Any CPU
		{B628090F-11B6-4C55-BB16-38A232D7D66F}.Release|Any CPU.Build.0 = Release|Any CPU
	EndGlobalSection
	GlobalSection(SolutionProperties) = preSolution
		HideSolutionNode = FALSE
	EndGlobalSection
	GlobalSection(NestedProjects) = preSolution
		{AA41C971-48F6-4B50-B5C5-7AB8D740DA47} = {10EB05C7-9289-4764-8EAB-016CAB124372}
		{10EB05C7-9289-4764-8EAB-016CAB124372} = {7F31D3B5-2C9A-43C7-9167-8EB8961CC055}
		{7428288F-7B0A-40D6-BBE3-383983DFF386} = {6FD4C37F-A343-4619-8F81-B217505D43F0}
		{30B75081-DBD5-4D22-890B-B55A52C63CC3} = {7F31D3B5-2C9A-43C7-9167-8EB8961CC055}
		{B628090F-11B6-4C55-BB16-38A232D7D66F} = {30B75081-DBD5-4D22-890B-B55A52C63CC3}
	EndGlobalSection
	GlobalSection(ExtensibilityGlobals) = postSolution
		SolutionGuid = {ABA06439-A00C-423A-A731-7B5EF66CA758}
	EndGlobalSection
EndGlobal
